// !$*UTF8*$!
{
	archiveVersion = 1;
	classes = {
	};
	objectVersion = 56;
	objects = {

/* Begin PBXBuildFile section */
		FA884DBC2E25119100B5F691 /* jkmnApp.swift in Sources */ = {isa = PBXBuildFile; fileRef = FA884DBB2E25119100B5F691 /* jkmnApp.swift */; };
		FA884DBE2E25119100B5F691 /* ContentView.swift in Sources */ = {isa = PBXBuildFile; fileRef = FA884DBD2E25119100B5F691 /* ContentView.swift */; };
		FA884DC02E25119100B5F691 /* Item.swift in Sources */ = {isa = PBXBuildFile; fileRef = FA884DBF2E25119100B5F691 /* Item.swift */; };
		FA884DC22E25119400B5F691 /* Assets.xcassets in Resources */ = {isa = PBXBuildFile; fileRef = FA884DC12E25119400B5F691 /* Assets.xcassets */; };
		FA884DC62E25119400B5F691 /* Preview Assets.xcassets in Resources */ = {isa = PBXBuildFile; fileRef = FA884DC52E25119400B5F691 /* Preview Assets.xcassets */; };
		FA884DD02E25119400B5F691 /* jkmnTests.swift in Sources */ = {isa = PBXBuildFile; fileRef = FA884DCF2E25119400B5F691 /* jkmnTests.swift */; };
		FA884DDA2E25119400B5F691 /* jkmnUITests.swift in Sources */ = {isa = PBXBuildFile; fileRef = FA884DD92E25119400B5F691 /* jkmnUITests.swift */; };
		FA884DDC2E25119400B5F691 /* jkmnUITestsLaunchTests.swift in Sources */ = {isa = PBXBuildFile; fileRef = FA884DDB2E25119400B5F691 /* jkmnUITestsLaunchTests.swift */; };
/* End PBXBuildFile section */

/* Begin PBXContainerItemProxy section */
		FA884DCC2E25119400B5F691 /* PBXContainerItemProxy */ = {
			isa = PBXContainerItemProxy;
			containerPortal = FA884DB02E25119100B5F691 /* Project object */;
			proxyType = 1;
			remoteGlobalIDString = FA884DB72E25119100B5F691;
			remoteInfo = jkmn;
		};
		FA884DD62E25119400B5F691 /* PBXContainerItemProxy */ = {
			isa = PBXContainerItemProxy;
			containerPortal = FA884DB02E25119100B5F691 /* Project object */;
			proxyType = 1;
			remoteGlobalIDString = FA884DB72E25119100B5F691;
			remoteInfo = jkmn;
		};
/* End PBXContainerItemProxy section */

/* Begin PBXFileReference section */
		FA884DB82E25119100B5F691 /* jkmn.app */ = {isa = PBXFileReference; explicitFileType = wrapper.application; includeInIndex = 0; path = jkmn.app; sourceTree = BUILT_PRODUCTS_DIR; };
		FA884DBB2E25119100B5F691 /* jkmnApp.swift */ = {isa = PBXFileReference; lastKnownFileType = sourcecode.swift; path = jkmnApp.swift; sourceTree = "<group>"; };
		FA884DBD2E25119100B5F691 /* ContentView.swift */ = {isa = PBXFileReference; lastKnownFileType = sourcecode.swift; path = ContentView.swift; sourceTree = "<group>"; };
		FA884DBF2E25119100B5F691 /* Item.swift */ = {isa = PBXFileReference; lastKnownFileType = sourcecode.swift; path = Item.swift; sourceTree = "<group>"; };
		FA884DC12E25119400B5F691 /* Assets.xcassets */ = {isa = PBXFileReference; lastKnownFileType = folder.assetcatalog; path = Assets.xcassets; sourceTree = "<group>"; };
		FA884DC32E25119400B5F691 /* jkmn.entitlements */ = {isa = PBXFileReference; lastKnownFileType = text.plist.entitlements; path = jkmn.entitlements; sourceTree = "<group>"; };
		FA884DC52E25119400B5F691 /* Preview Assets.xcassets */ = {isa = PBXFileReference; lastKnownFileType = folder.assetcatalog; path = "Preview Assets.xcassets"; sourceTree = "<group>"; };
		FA884DCB2E25119400B5F691 /* jkmnTests.xctest */ = {isa = PBXFileReference; explicitFileType = wrapper.cfbundle; includeInIndex = 0; path = jkmnTests.xctest; sourceTree = BUILT_PRODUCTS_DIR; };
		FA884DCF2E25119400B5F691 /* jkmnTests.swift */ = {isa = PBXFileReference; lastKnownFileType = sourcecode.swift; path = jkmnTests.swift; sourceTree = "<group>"; };
		FA884DD52E25119400B5F691 /* jkmnUITests.xctest */ = {isa = PBXFileReference; explicitFileType = wrapper.cfbundle; includeInIndex = 0; path = jkmnUITests.xctest; sourceTree = BUILT_PRODUCTS_DIR; };
		FA884DD92E25119400B5F691 /* jkmnUITests.swift */ = {isa = PBXFileReference; lastKnownFileType = sourcecode.swift; path = jkmnUITests.swift; sourceTree = "<group>"; };
		FA884DDB2E25119400B5F691 /* jkmnUITestsLaunchTests.swift */ = {isa = PBXFileReference; lastKnownFileType = sourcecode.swift; path = jkmnUITestsLaunchTests.swift; sourceTree = "<group>"; };
/* End PBXFileReference section */

/* Begin PBXFrameworksBuildPhase section */
		FA884DB52E25119100B5F691 /* Frameworks */ = {
			isa = PBXFrameworksBuildPhase;
			buildActionMask = 2147483647;
			files = (
			);
			runOnlyForDeploymentPostprocessing = 0;
		};
		FA884DC82E25119400B5F691 /* Frameworks */ = {
			isa = PBXFrameworksBuildPhase;
			buildActionMask = 2147483647;
			files = (
			);
			runOnlyForDeploymentPostprocessing = 0;
		};
		FA884DD22E25119400B5F691 /* Frameworks */ = {
			isa = PBXFrameworksBuildPhase;
			buildActionMask = 2147483647;
			files = (
			);
			runOnlyForDeploymentPostprocessing = 0;
		};
/* End PBXFrameworksBuildPhase section */

/* Begin PBXGroup section */
		FA884DAF2E25119100B5F691 = {
			isa = PBXGroup;
			children = (
				FA884DBA2E25119100B5F691 /* jkmn */,
				FA884DCE2E25119400B5F691 /* jkmnTests */,
				FA884DD82E25119400B5F691 /* jkmnUITests */,
				FA884DB92E25119100B5F691 /* Products */,
			);
			sourceTree = "<group>";
		};
		FA884DB92E25119100B5F691 /* Products */ = {
			isa = PBXGroup;
			children = (
				FA884DB82E25119100B5F691 /* jkmn.app */,
				FA884DCB2E25119400B5F691 /* jkmnTests.xctest */,
				FA884DD52E25119400B5F691 /* jkmnUITests.xctest */,
			);
			name = Products;
			sourceTree = "<group>";
		};
		FA884DBA2E25119100B5F691 /* jkmn */ = {
			isa = PBXGroup;
			children = (
				FA884DBB2E25119100B5F691 /* jkmnApp.swift */,
				FA884DBD2E25119100B5F691 /* ContentView.swift */,
				FA884DBF2E25119100B5F691 /* Item.swift */,
				FA884DC12E25119400B5F691 /* Assets.xcassets */,
				FA884DC32E25119400B5F691 /* jkmn.entitlements */,
				FA884DC42E25119400B5F691 /* Preview Content */,
			);
			path = jkmn;
			sourceTree = "<group>";
		};
		FA884DC42E25119400B5F691 /* Preview Content */ = {
			isa = PBXGroup;
			children = (
				FA884DC52E25119400B5F691 /* Preview Assets.xcassets */,
			);
			path = "Preview Content";
			sourceTree = "<group>";
		};
		FA884DCE2E25119400B5F691 /* jkmnTests */ = {
			isa = PBXGroup;
			children = (
				FA884DCF2E25119400B5F691 /* jkmnTests.swift */,
			);
			path = jkmnTests;
			sourceTree = "<group>";
		};
		FA884DD82E25119400B5F691 /* jkmnUITests */ = {
			isa = PBXGroup;
			children = (
				FA884DD92E25119400B5F691 /* jkmnUITests.swift */,
				FA884DDB2E25119400B5F691 /* jkmnUITestsLaunchTests.swift */,
			);
			path = jkmnUITests;
			sourceTree = "<group>";
		};
/* End PBXGroup section */

/* Begin PBXNativeTarget section */
		FA884DB72E25119100B5F691 /* jkmn */ = {
			isa = PBXNativeTarget;
			buildConfigurationList = FA884DDF2E25119400B5F691 /* Build configuration list for PBXNativeTarget "jkmn" */;
			buildPhases = (
				FA884DB42E25119100B5F691 /* Sources */,
				FA884DB52E25119100B5F691 /* Frameworks */,
				FA884DB62E25119100B5F691 /* Resources */,
			);
			buildRules = (
			);
			dependencies = (
			);
			name = jkmn;
			productName = jkmn;
			productReference = FA884DB82E25119100B5F691 /* jkmn.app */;
			productType = "com.apple.product-type.application";
		};
		FA884DCA2E25119400B5F691 /* jkmnTests */ = {
			isa = PBXNativeTarget;
			buildConfigurationList = FA884DE22E25119400B5F691 /* Build configuration list for PBXNativeTarget "jkmnTests" */;
			buildPhases = (
				FA884DC72E25119400B5F691 /* Sources */,
				FA884DC82E25119400B5F691 /* Frameworks */,
				FA884DC92E25119400B5F691 /* Resources */,
			);
			buildRules = (
			);
			dependencies = (
				FA884DCD2E25119400B5F691 /* PBXTargetDependency */,
			);
			name = jkmnTests;
			productName = jkmnTests;
			productReference = FA884DCB2E25119400B5F691 /* jkmnTests.xctest */;
			productType = "com.apple.product-type.bundle.unit-test";
		};
		FA884DD42E25119400B5F691 /* jkmnUITests */ = {
			isa = PBXNativeTarget;
			buildConfigurationList = FA884DE52E25119400B5F691 /* Build configuration list for PBXNativeTarget "jkmnUITests" */;
			buildPhases = (
				FA884DD12E25119400B5F691 /* Sources */,
				FA884DD22E25119400B5F691 /* Frameworks */,
				FA884DD32E25119400B5F691 /* Resources */,
			);
			buildRules = (
			);
			dependencies = (
				FA884DD72E25119400B5F691 /* PBXTargetDependency */,
			);
			name = jkmnUITests;
			productName = jkmnUITests;
			productReference = FA884DD52E25119400B5F691 /* jkmnUITests.xctest */;
			productType = "com.apple.product-type.bundle.ui-testing";
		};
/* End PBXNativeTarget section */

/* Begin PBXProject section */
		FA884DB02E25119100B5F691 /* Project object */ = {
			isa = PBXProject;
			attributes = {
				BuildIndependentTargetsInParallel = 1;
				LastSwiftUpdateCheck = 1520;
				LastUpgradeCheck = 1520;
				TargetAttributes = {
					FA884DB72E25119100B5F691 = {
						CreatedOnToolsVersion = 15.2;
					};
					FA884DCA2E25119400B5F691 = {
						CreatedOnToolsVersion = 15.2;
						TestTargetID = FA884DB72E25119100B5F691;
					};
					FA884DD42E25119400B5F691 = {
						CreatedOnToolsVersion = 15.2;
						TestTargetID = FA884DB72E25119100B5F691;
					};
				};
			};
			buildConfigurationList = FA884DB32E25119100B5F691 /* Build configuration list for PBXProject "jkmn" */;
			compatibilityVersion = "Xcode 14.0";
			developmentRegion = en;
			hasScannedForEncodings = 0;
			knownRegions = (
				en,
				Base,
			);
			mainGroup = FA884DAF2E25119100B5F691;
			productRefGroup = FA884DB92E25119100B5F691 /* Products */;
			projectDirPath = "";
			projectRoot = "";
			targets = (
				FA884DB72E25119100B5F691 /* jkmn */,
				FA884DCA2E25119400B5F691 /* jkmnTests */,
				FA884DD42E25119400B5F691 /* jkmnUITests */,
			);
		};
/* End PBXProject section */

/* Begin PBXResourcesBuildPhase section */
		FA884DB62E25119100B5F691 /* Resources */ = {
			isa = PBXResourcesBuildPhase;
			buildActionMask = 2147483647;
			files = (
				FA884DC62E25119400B5F691 /* Preview Assets.xcassets in Resources */,
				FA884DC22E25119400B5F691 /* Assets.xcassets in Resources */,
			);
			runOnlyForDeploymentPostprocessing = 0;
		};
		FA884DC92E25119400B5F691 /* Resources */ = {
			isa = PBXResourcesBuildPhase;
			buildActionMask = 2147483647;
			files = (
			);
			runOnlyForDeploymentPostprocessing = 0;
		};
		FA884DD32E25119400B5F691 /* Resources */ = {
			isa = PBXResourcesBuildPhase;
			buildActionMask = 2147483647;
			files = (
			);
			runOnlyForDeploymentPostprocessing = 0;
		};
/* End PBXResourcesBuildPhase section */

/* Begin PBXSourcesBuildPhase section */
		FA884DB42E25119100B5F691 /* Sources */ = {
			isa = PBXSourcesBuildPhase;
			buildActionMask = 2147483647;
			files = (
				FA884DBE2E25119100B5F691 /* ContentView.swift in Sources */,
				FA884DC02E25119100B5F691 /* Item.swift in Sources */,
				FA884DBC2E25119100B5F691 /* jkmnApp.swift in Sources */,
			);
			runOnlyForDeploymentPostprocessing = 0;
		};
		FA884DC72E25119400B5F691 /* Sources */ = {
			isa = PBXSourcesBuildPhase;
			buildActionMask = 2147483647;
			files = (
				FA884DD02E25119400B5F691 /* jkmnTests.swift in Sources */,
			);
			runOnlyForDeploymentPostprocessing = 0;
		};
		FA884DD12E25119400B5F691 /* Sources */ = {
			isa = PBXSourcesBuildPhase;
			buildActionMask = 2147483647;
			files = (
				FA884DDC2E25119400B5F691 /* jkmnUITestsLaunchTests.swift in Sources */,
				FA884DDA2E25119400B5F691 /* jkmnUITests.swift in Sources */,
			);
			runOnlyForDeploymentPostprocessing = 0;
		};
/* End PBXSourcesBuildPhase section */

/* Begin PBXTargetDependency section */
		FA884DCD2E25119400B5F691 /* PBXTargetDependency */ = {
			isa = PBXTargetDependency;
			target = FA884DB72E25119100B5F691 /* jkmn */;
			targetProxy = FA884DCC2E25119400B5F691 /* PBXContainerItemProxy */;
		};
		FA884DD72E25119400B5F691 /* PBXTargetDependency */ = {
			isa = PBXTargetDependency;
			target = FA884DB72E25119100B5F691 /* jkmn */;
			targetProxy = FA884DD62E25119400B5F691 /* PBXContainerItemProxy */;
		};
/* End PBXTargetDependency section */

/* Begin XCBuildConfiguration section */
		FA884DDD2E25119400B5F691 /* Debug */ = {
			isa = XCBuildConfiguration;
			buildSettings = {
				ALWAYS_SEARCH_USER_PATHS = NO;
				ASSETCATALOG_COMPILER_GENERATE_SWIFT_ASSET_SYMBOL_EXTENSIONS = YES;
				CLANG_ANALYZER_NONNULL = YES;
				CLANG_ANALYZER_NUMBER_OBJECT_CONVERSION = YES_AGGRESSIVE;
				CLANG_CXX_LANGUAGE_STANDARD = "gnu++20";
				CLANG_ENABLE_MODULES = YES;
				CLANG_ENABLE_OBJC_ARC = YES;
				CLANG_ENABLE_OBJC_WEAK = YES;
				CLANG_WARN_BLOCK_CAPTURE_AUTORELEASING = YES;
				CLANG_WARN_BOOL_CONVERSION = YES;
				CLANG_WARN_COMMA = YES;
				CLANG_WARN_CONSTANT_CONVERSION = YES;
				CLANG_WARN_DEPRECATED_OBJC_IMPLEMENTATIONS = YES;
				CLANG_WARN_DIRECT_OBJC_ISA_USAGE = YES_ERROR;
				CLANG_WARN_DOCUMENTATION_COMMENTS = YES;
				CLANG_WARN_EMPTY_BODY = YES;
				CLANG_WARN_ENUM_CONVERSION = YES;
				CLANG_WARN_INFINITE_RECURSION = YES;
				CLANG_WARN_INT_CONVERSION = YES;
				CLANG_WARN_NON_LITERAL_NULL_CONVERSION = YES;
				CLANG_WARN_OBJC_IMPLICIT_RETAIN_SELF = YES;
				CLANG_WARN_OBJC_LITERAL_CONVERSION = YES;
				CLANG_WARN_OBJC_ROOT_CLASS = YES_ERROR;
				CLANG_WARN_QUOTED_INCLUDE_IN_FRAMEWORK_HEADER = YES;
				CLANG_WARN_RANGE_LOOP_ANALYSIS = YES;
				CLANG_WARN_STRICT_PROTOTYPES = YES;
				CLANG_WARN_SUSPICIOUS_MOVE = YES;
				CLANG_WARN_UNGUARDED_AVAILABILITY = YES_AGGRESSIVE;
				CLANG_WARN_UNREACHABLE_CODE = YES;
				CLANG_WARN__DUPLICATE_METHOD_MATCH = YES;
				COPY_PHASE_STRIP = NO;
				DEBUG_INFORMATION_FORMAT = dwarf;
				ENABLE_STRICT_OBJC_MSGSEND = YES;
				ENABLE_TESTABILITY = YES;
				ENABLE_USER_SCRIPT_SANDBOXING = YES;
				GCC_C_LANGUAGE_STANDARD = gnu17;
				GCC_DYNAMIC_NO_PIC = NO;
				GCC_NO_COMMON_BLOCKS = YES;
				GCC_OPTIMIZATION_LEVEL = 0;
				GCC_PREPROCESSOR_DEFINITIONS = (
					"DEBUG=1",
					"$(inherited)",
				);
				GCC_WARN_64_TO_32_BIT_CONVERSION = YES;
				GCC_WARN_ABOUT_RETURN_TYPE = YES_ERROR;
				GCC_WARN_UNDECLARED_SELECTOR = YES;
				GCC_WARN_UNINITIALIZED_AUTOS = YES_AGGRESSIVE;
				GCC_WARN_UNUSED_FUNCTION = YES;
				GCC_WARN_UNUSED_VARIABLE = YES;
				LOCALIZATION_PREFERS_STRING_CATALOGS = YES;
				MTL_ENABLE_DEBUG_INFO = INCLUDE_SOURCE;
				MTL_FAST_MATH = YES;
				ONLY_ACTIVE_ARCH = YES;
				SWIFT_ACTIVE_COMPILATION_CONDITIONS = "DEBUG $(inherited)";
				SWIFT_OPTIMIZATION_LEVEL = "-Onone";
			};
			name = Debug;
		};
		FA884DDE2E25119400B5F691 /* Release */ = {
			isa = XCBuildConfiguration;
			buildSettings = {
				ALWAYS_SEARCH_USER_PATHS = NO;
				ASSETCATALOG_COMPILER_GENERATE_SWIFT_ASSET_SYMBOL_EXTENSIONS = YES;
				CLANG_ANALYZER_NONNULL = YES;
				CLANG_ANALYZER_NUMBER_OBJECT_CONVERSION = YES_AGGRESSIVE;
				CLANG_CXX_LANGUAGE_STANDARD = "gnu++20";
				CLANG_ENABLE_MODULES = YES;
				CLANG_ENABLE_OBJC_ARC = YES;
				CLANG_ENABLE_OBJC_WEAK = YES;
				CLANG_WARN_BLOCK_CAPTURE_AUTORELEASING = YES;
				CLANG_WARN_BOOL_CONVERSION = YES;
				CLANG_WARN_COMMA = YES;
				CLANG_WARN_CONSTANT_CONVERSION = YES;
				CLANG_WARN_DEPRECATED_OBJC_IMPLEMENTATIONS = YES;
				CLANG_WARN_DIRECT_OBJC_ISA_USAGE = YES_ERROR;
				CLANG_WARN_DOCUMENTATION_COMMENTS = YES;
				CLANG_WARN_EMPTY_BODY = YES;
				CLANG_WARN_ENUM_CONVERSION = YES;
				CLANG_WARN_INFINITE_RECURSION = YES;
				CLANG_WARN_INT_CONVERSION = YES;
				CLANG_WARN_NON_LITERAL_NULL_CONVERSION = YES;
				CLANG_WARN_OBJC_IMPLICIT_RETAIN_SELF = YES;
				CLANG_WARN_OBJC_LITERAL_CONVERSION = YES;
				CLANG_WARN_OBJC_ROOT_CLASS = YES_ERROR;
				CLANG_WARN_QUOTED_INCLUDE_IN_FRAMEWORK_HEADER = YES;
				CLANG_WARN_RANGE_LOOP_ANALYSIS = YES;
				CLANG_WARN_STRICT_PROTOTYPES = YES;
				CLANG_WARN_SUSPICIOUS_MOVE = YES;
				CLANG_WARN_UNGUARDED_AVAILABILITY = YES_AGGRESSIVE;
				CLANG_WARN_UNREACHABLE_CODE = YES;
				CLANG_WARN__DUPLICATE_METHOD_MATCH = YES;
				COPY_PHASE_STRIP = NO;
				DEBUG_INFORMATION_FORMAT = "dwarf-with-dsym";
				ENABLE_NS_ASSERTIONS = NO;
				ENABLE_STRICT_OBJC_MSGSEND = YES;
				ENABLE_USER_SCRIPT_SANDBOXING = YES;
				GCC_C_LANGUAGE_STANDARD = gnu17;
				GCC_NO_COMMON_BLOCKS = YES;
				GCC_WARN_64_TO_32_BIT_CONVERSION = YES;
				GCC_WARN_ABOUT_RETURN_TYPE = YES_ERROR;
				GCC_WARN_UNDECLARED_SELECTOR = YES;
				GCC_WARN_UNINITIALIZED_AUTOS = YES_AGGRESSIVE;
				GCC_WARN_UNUSED_FUNCTION = YES;
				GCC_WARN_UNUSED_VARIABLE = YES;
				LOCALIZATION_PREFERS_STRING_CATALOGS = YES;
				MTL_ENABLE_DEBUG_INFO = NO;
				MTL_FAST_MATH = YES;
				SWIFT_COMPILATION_MODE = wholemodule;
			};
			name = Release;
		};
		FA884DE02E25119400B5F691 /* Debug */ = {
			isa = XCBuildConfiguration;
			buildSettings = {
				ASSETCATALOG_COMPILER_APPICON_NAME = AppIcon;
				ASSETCATALOG_COMPILER_GLOBAL_ACCENT_COLOR_NAME = AccentColor;
				CODE_SIGN_ENTITLEMENTS = jkmn/jkmn.entitlements;
				CODE_SIGN_STYLE = Automatic;
				CURRENT_PROJECT_VERSION = 1;
				DEVELOPMENT_ASSET_PATHS = "\"jkmn/Preview Content\"";
				DEVELOPMENT_TEAM = K4M4R65V54;
				ENABLE_HARDENED_RUNTIME = YES;
				ENABLE_PREVIEWS = YES;
				GENERATE_INFOPLIST_FILE = YES;
				"INFOPLIST_KEY_UIApplicationSceneManifest_Generation[sdk=iphoneos*]" = YES;
				"INFOPLIST_KEY_UIApplicationSceneManifest_Generation[sdk=iphonesimulator*]" = YES;
				"INFOPLIST_KEY_UIApplicationSupportsIndirectInputEvents[sdk=iphoneos*]" = YES;
				"INFOPLIST_KEY_UIApplicationSupportsIndirectInputEvents[sdk=iphonesimulator*]" = YES;
				"INFOPLIST_KEY_UILaunchScreen_Generation[sdk=iphoneos*]" = YES;
				"INFOPLIST_KEY_UILaunchScreen_Generation[sdk=iphonesimulator*]" = YES;
				"INFOPLIST_KEY_UIStatusBarStyle[sdk=iphoneos*]" = UIStatusBarStyleDefault;
				"INFOPLIST_KEY_UIStatusBarStyle[sdk=iphonesimulator*]" = UIStatusBarStyleDefault;
				INFOPLIST_KEY_UISupportedInterfaceOrientations_iPad = "UIInterfaceOrientationPortrait UIInterfaceOrientationPortraitUpsideDown UIInterfaceOrientationLandscapeLeft UIInterfaceOrientationLandscapeRight";
				INFOPLIST_KEY_UISupportedInterfaceOrientations_iPhone = "UIInterfaceOrientationPortrait UIInterfaceOrientationLandscapeLeft UIInterfaceOrientationLandscapeRight";
				IPHONEOS_DEPLOYMENT_TARGET = 17.2;
				LD_RUNPATH_SEARCH_PATHS = "@executable_path/Frameworks";
				"LD_RUNPATH_SEARCH_PATHS[sdk=macosx*]" = "@executable_path/../Frameworks";
				MACOSX_DEPLOYMENT_TARGET = 14.0;
				MARKETING_VERSION = 1.0;
				PRODUCT_BUNDLE_IDENTIFIER = "Esencial-Flow.jkmn";
				PRODUCT_NAME = "$(TARGET_NAME)";
				SDKROOT = auto;
				SUPPORTED_PLATFORMS = "iphoneos iphonesimulator macosx";
				SWIFT_EMIT_LOC_STRINGS = YES;
				SWIFT_VERSION = 5.0;
				TARGETED_DEVICE_FAMILY = "1,2";
			};
			name = Debug;
		};
		FA884DE12E25119400B5F691 /* Release */ = {
			isa = XCBuildConfiguration;
			buildSettings = {
				ASSETCATALOG_COMPILER_APPICON_NAME = AppIcon;
				ASSETCATALOG_COMPILER_GLOBAL_ACCENT_COLOR_NAME = AccentColor;
				CODE_SIGN_ENTITLEMENTS = jkmn/jkmn.entitlements;
				CODE_SIGN_STYLE = Automatic;
				CURRENT_PROJECT_VERSION = 1;
				DEVELOPMENT_ASSET_PATHS = "\"jkmn/Preview Content\"";
				DEVELOPMENT_TEAM = K4M4R65V54;
				ENABLE_HARDENED_RUNTIME = YES;
				ENABLE_PREVIEWS = YES;
				GENERATE_INFOPLIST_FILE = YES;
				"INFOPLIST_KEY_UIApplicationSceneManifest_Generation[sdk=iphoneos*]" = YES;
				"INFOPLIST_KEY_UIApplicationSceneManifest_Generation[sdk=iphonesimulator*]" = YES;
				"INFOPLIST_KEY_UIApplicationSupportsIndirectInputEvents[sdk=iphoneos*]" = YES;
				"INFOPLIST_KEY_UIApplicationSupportsIndirectInputEvents[sdk=iphonesimulator*]" = YES;
				"INFOPLIST_KEY_UILaunchScreen_Generation[sdk=iphoneos*]" = YES;
				"INFOPLIST_KEY_UILaunchScreen_Generation[sdk=iphonesimulator*]" = YES;
				"INFOPLIST_KEY_UIStatusBarStyle[sdk=iphoneos*]" = UIStatusBarStyleDefault;
				"INFOPLIST_KEY_UIStatusBarStyle[sdk=iphonesimulator*]" = UIStatusBarStyleDefault;
				INFOPLIST_KEY_UISupportedInterfaceOrientations_iPad = "UIInterfaceOrientationPortrait UIInterfaceOrientationPortraitUpsideDown UIInterfaceOrientationLandscapeLeft UIInterfaceOrientationLandscapeRight";
				INFOPLIST_KEY_UISupportedInterfaceOrientations_iPhone = "UIInterfaceOrientationPortrait UIInterfaceOrientationLandscapeLeft UIInterfaceOrientationLandscapeRight";
				IPHONEOS_DEPLOYMENT_TARGET = 17.2;
				LD_RUNPATH_SEARCH_PATHS = "@executable_path/Frameworks";
				"LD_RUNPATH_SEARCH_PATHS[sdk=macosx*]" = "@executable_path/../Frameworks";
				MACOSX_DEPLOYMENT_TARGET = 14.0;
				MARKETING_VERSION = 1.0;
				PRODUCT_BUNDLE_IDENTIFIER = "Esencial-Flow.jkmn";
				PRODUCT_NAME = "$(TARGET_NAME)";
				SDKROOT = auto;
				SUPPORTED_PLATFORMS = "iphoneos iphonesimulator macosx";
				SWIFT_EMIT_LOC_STRINGS = YES;
				SWIFT_VERSION = 5.0;
				TARGETED_DEVICE_FAMILY = "1,2";
			};
			name = Release;
		};
		FA884DE32E25119400B5F691 /* Debug */ = {
			isa = XCBuildConfiguration;
			buildSettings = {
				ALWAYS_EMBED_SWIFT_STANDARD_LIBRARIES = YES;
				BUNDLE_LOADER = "$(TEST_HOST)";
				CODE_SIGN_STYLE = Automatic;
				CURRENT_PROJECT_VERSION = 1;
				DEVELOPMENT_TEAM = K4M4R65V54;
				GENERATE_INFOPLIST_FILE = YES;
				IPHONEOS_DEPLOYMENT_TARGET = 17.2;
				MACOSX_DEPLOYMENT_TARGET = 13.7;
				MARKETING_VERSION = 1.0;
				PRODUCT_BUNDLE_IDENTIFIER = "Esencial-Flow.jkmnTests";
				PRODUCT_NAME = "$(TARGET_NAME)";
				SDKROOT = auto;
				SUPPORTED_PLATFORMS = "iphoneos iphonesimulator macosx";
				SWIFT_EMIT_LOC_STRINGS = NO;
				SWIFT_VERSION = 5.0;
				TARGETED_DEVICE_FAMILY = "1,2";
				TEST_HOST = "$(BUILT_PRODUCTS_DIR)/jkmn.app/$(BUNDLE_EXECUTABLE_FOLDER_PATH)/jkmn";
			};
			name = Debug;
		};
		FA884DE42E25119400B5F691 /* Release */ = {
			isa = XCBuildConfiguration;
			buildSettings = {
				ALWAYS_EMBED_SWIFT_STANDARD_LIBRARIES = YES;
				BUNDLE_LOADER = "$(TEST_HOST)";
				CODE_SIGN_STYLE = Automatic;
				CURRENT_PROJECT_VERSION = 1;
				DEVELOPMENT_TEAM = K4M4R65V54;
				GENERATE_INFOPLIST_FILE = YES;
				IPHONEOS_DEPLOYMENT_TARGET = 17.2;
				MACOSX_DEPLOYMENT_TARGET = 13.7;
				MARKETING_VERSION = 1.0;
				PRODUCT_BUNDLE_IDENTIFIER = "Esencial-Flow.jkmnTests";
				PRODUCT_NAME = "$(TARGET_NAME)";
				SDKROOT = auto;
				SUPPORTED_PLATFORMS = "iphoneos iphonesimulator macosx";
				SWIFT_EMIT_LOC_STRINGS = NO;
				SWIFT_VERSION = 5.0;
				TARGETED_DEVICE_FAMILY = "1,2";
				TEST_HOST = "$(BUILT_PRODUCTS_DIR)/jkmn.app/$(BUNDLE_EXECUTABLE_FOLDER_PATH)/jkmn";
			};
			name = Release;
		};
		FA884DE62E25119400B5F691 /* Debug */ = {
			isa = XCBuildConfiguration;
			buildSettings = {
				ALWAYS_EMBED_SWIFT_STANDARD_LIBRARIES = YES;
				CODE_SIGN_STYLE = Automatic;
				CURRENT_PROJECT_VERSION = 1;
				DEVELOPMENT_TEAM = K4M4R65V54;
				GENERATE_INFOPLIST_FILE = YES;
				IPHONEOS_DEPLOYMENT_TARGET = 17.2;
				MACOSX_DEPLOYMENT_TARGET = 13.7;
				MARKETING_VERSION = 1.0;
				PRODUCT_BUNDLE_IDENTIFIER = "Esencial-Flow.jkmnUITests";
				PRODUCT_NAME = "$(TARGET_NAME)";
				SDKROOT = auto;
				SUPPORTED_PLATFORMS = "iphoneos iphonesimulator macosx";
				SWIFT_EMIT_LOC_STRINGS = NO;
				SWIFT_VERSION = 5.0;
				TARGETED_DEVICE_FAMILY = "1,2";
				TEST_TARGET_NAME = jkmn;
			};
			name = Debug;
		};
		FA884DE72E25119400B5F691 /* Release */ = {
			isa = XCBuildConfiguration;
			buildSettings = {
				ALWAYS_EMBED_SWIFT_STANDARD_LIBRARIES = YES;
				CODE_SIGN_STYLE = Automatic;
				CURRENT_PROJECT_VERSION = 1;
				DEVELOPMENT_TEAM = K4M4R65V54;
				GENERATE_INFOPLIST_FILE = YES;
				IPHONEOS_DEPLOYMENT_TARGET = 17.2;
				MACOSX_DEPLOYMENT_TARGET = 13.7;
				MARKETING_VERSION = 1.0;
				PRODUCT_BUNDLE_IDENTIFIER = "Esencial-Flow.jkmnUITests";
				PRODUCT_NAME = "$(TARGET_NAME)";
				SDKROOT = auto;
				SUPPORTED_PLATFORMS = "iphoneos iphonesimulator macosx";
				SWIFT_EMIT_LOC_STRINGS = NO;
				SWIFT_VERSION = 5.0;
				TARGETED_DEVICE_FAMILY = "1,2";
				TEST_TARGET_NAME = jkmn;
			};
			name = Release;
		};
/* End XCBuildConfiguration section */

/* Begin XCConfigurationList section */
		FA884DB32E25119100B5F691 /* Build configuration list for PBXProject "jkmn" */ = {
			isa = XCConfigurationList;
			buildConfigurations = (
				FA884DDD2E25119400B5F691 /* Debug */,
				FA884DDE2E25119400B5F691 /* Release */,
			);
			defaultConfigurationIsVisible = 0;
			defaultConfigurationName = Release;
		};
		FA884DDF2E25119400B5F691 /* Build configuration list for PBXNativeTarget "jkmn" */ = {
			isa = XCConfigurationList;
			buildConfigurations = (
				FA884DE02E25119400B5F691 /* Debug */,
				FA884DE12E25119400B5F691 /* Release */,
			);
			defaultConfigurationIsVisible = 0;
			defaultConfigurationName = Release;
		};
		FA884DE22E25119400B5F691 /* Build configuration list for PBXNativeTarget "jkmnTests" */ = {
			isa = XCConfigurationList;
			buildConfigurations = (
				FA884DE32E25119400B5F691 /* Debug */,
				FA884DE42E25119400B5F691 /* Release */,
			);
			defaultConfigurationIsVisible = 0;
			defaultConfigurationName = Release;
		};
		FA884DE52E25119400B5F691 /* Build configuration list for PBXNativeTarget "jkmnUITests" */ = {
			isa = XCConfigurationList;
			buildConfigurations = (
				FA884DE62E25119400B5F691 /* Debug */,
				FA884DE72E25119400B5F691 /* Release */,
			);
			defaultConfigurationIsVisible = 0;
			defaultConfigurationName = Release;
		};
/* End XCConfigurationList section */
	};
	rootObject = FA884DB02E25119100B5F691 /* Project object */;
}
